{
  "name": "test-npx-node",
  "version": "1.0.0",
  "lockfileVersion": 1,
  "requires": true,
  "dependencies": {
    "node": {
      "version": "8.9.4",
      "resolved": "https://registry.npmjs.org/node/-/node-8.9.4.tgz",
      "integrity": "sha512-3/3EJFUgpaS9LpG6EbbdCKLzaXC5RmvBfRzzv/brvHauqoS9YIrxraAxrW2MkL5mviSGp5x9EHQxwFd9Fh8LnA==",
      "requires": {
        "node-bin-setup": "1.0.6"
      }
    },
    "node-bin-setup": {
      "version": "1.0.6",
      "resolved": "https://registry.npmjs.org/node-bin-setup/-/node-bin-setup-1.0.6.tgz",
      "integrity": "sha512-uPIxXNis1CRbv1DwqAxkgBk5NFV3s7cMN/Gf556jSw6jBvV7ca4F9lRL/8cALcZecRibeqU+5dFYqFFmzv5a0Q=="
    }
  }
}
